
Microsoft Visual Studio Solution File, Format Version 12.00
# Visual Studio Version 16
VisualStudioVersion = 16.0.31613.86
MinimumVisualStudioVersion = 10.0.40219.1
Project("{FAE04EC0-301F-11D3-BF4B-00C04F79EFBC}") = "FavaoriteMoviesApp", "FavaoriteMoviesApp\FavaoriteMoviesApp.csproj", "{5312B3AB-AC73-4EAB-A2DC-8A5FAAD96D0A}"
EndProject
Global
	GlobalSection(SolutionConfigurationPlatforms) = preSolution
		Debug|Any CPU = Debug|Any CPU
		Release|Any CPU = Release|Any CPU
	EndGlobalSection
	GlobalSection(ProjectConfigurationPlatforms) = postSolution
		{5312B3AB-AC73-4EAB-A2DC-8A5FAAD96D0A}.Debug|Any CPU.ActiveCfg = Debug|Any CPU
		{5312B3AB-AC73-4EAB-A2DC-8A5FAAD96D0A}.Debug|Any CPU.Build.0 = Debug|Any CPU
		{5312B3AB-AC73-4EAB-A2DC-8A5FAAD96D0A}.Release|Any CPU.ActiveCfg = Release|Any CPU
		{5312B3AB-AC73-4EAB-A2DC-8A5FAAD96D0A}.Release|Any CPU.Build.0 = Release|Any CPU
	EndGlobalSection
	GlobalSection(SolutionProperties) = preSolution
		HideSolutionNode = FALSE
	EndGlobalSection
	GlobalSection(ExtensibilityGlobals) = postSolution
		SolutionGuid = {325DBE2B-352F-4171-A78C-8EEB62A06CC6}
	EndGlobalSection
EndGlobal
